
Microsoft Visual Studio Solution File, Format Version 12.00
Project("{FAE04EC0-301F-11D3-BF4B-00C04F79EFBC}") = "AgOpenGPS.ModuleContracts", "AgOpenGPS.ModuleContracts\AgOpenGPS.ModuleContracts.csproj", "{DA12E21A-713A-40A2-927A-410B0734C040}"
EndProject
Project("{FAE04EC0-301F-11D3-BF4B-00C04F79EFBC}") = "AgOpenGPS.Core", "AgOpenGPS.Core\AgOpenGPS.Core.csproj", "{DD2F149F-718F-4DFE-8745-EF7E63E2D71A}"
EndProject
Project("{FAE04EC0-301F-11D3-BF4B-00C04F79EFBC}") = "AgOpenGPS.Modules.PGN", "AgOpenGPS.Modules.PGN\AgOpenGPS.Modules.PGN.csproj", "{DE91AFA2-4F84-45A7-AE63-38AB91CC3678}"
EndProject
Project("{FAE04EC0-301F-11D3-BF4B-00C04F79EFBC}") = "AgOpenGPS.Modules.Autosteer", "AgOpenGPS.Modules.Autosteer\AgOpenGPS.Modules.Autosteer.csproj", "{5275FA08-2F53-4989-97F3-817DFAE96348}"
EndProject
Project("{FAE04EC0-301F-11D3-BF4B-00C04F79EFBC}") = "AgOpenGPS.Host", "AgOpenGPS.Host\AgOpenGPS.Host.csproj", "{66B78A4F-C4C5-4963-9403-AF9CBE60C496}"
EndProject
Project("{FAE04EC0-301F-11D3-BF4B-00C04F79EFBC}") = "AgOpenGPS.Modules.DummyIO", "AgOpenGPS.Modules.DummyIO\AgOpenGPS.Modules.DummyIO.csproj", "{B688AF0F-B7ED-45B2-AAC7-9DAFD6043AD3}"
EndProject
Project("{FAE04EC0-301F-11D3-BF4B-00C04F79EFBC}") = "AgOpenGPS.Modules.Kinematics", "AgOpenGPS.Modules.Kinematics\AgOpenGPS.Modules.Kinematics.csproj", "{4E88E87B-E4AD-408F-AF0B-73BE1574A476}"
EndProject
Project("{FAE04EC0-301F-11D3-BF4B-00C04F79EFBC}") = "AgOpenGPS.GUI", "AgOpenGPS.GUI\AgOpenGPS.GUI.csproj", "{664D7041-0682-45E2-A1D1-D36481DD4A91}"
EndProject
Project("{FAE04EC0-301F-11D3-BF4B-00C04F79EFBC}") = "AgOpenGPS.Modules.DemoUI", "AgOpenGPS.Modules.DemoUI\AgOpenGPS.Modules.DemoUI.csproj", "{6ACBF340-1CEC-4755-A207-24694554095B}"
EndProject
Project("{FAE04EC0-301F-11D3-BF4B-00C04F79EFBC}") = "AgOpenGPS.Modules.Monitoring", "AgOpenGPS.Modules.Monitoring\AgOpenGPS.Modules.Monitoring.csproj", "{7C55386F-76AF-4A2C-8813-150CCDE11153}"
EndProject
Project("{FAE04EC0-301F-11D3-BF4B-00C04F79EFBC}") = "AgOpenGPS.Tests", "AgOpenGPS.Tests\AgOpenGPS.Tests.csproj", "{40DA8637-64B4-4296-A0CE-8FD0A3BBF7F2}"
EndProject
Global
	GlobalSection(SolutionConfigurationPlatforms) = preSolution
		Debug|Any CPU = Debug|Any CPU
		Debug|x64 = Debug|x64
		Debug|x86 = Debug|x86
		Release|Any CPU = Release|Any CPU
		Release|x64 = Release|x64
		Release|x86 = Release|x86
	EndGlobalSection
	GlobalSection(ProjectConfigurationPlatforms) = postSolution
		{DA12E21A-713A-40A2-927A-410B0734C040}.Debug|Any CPU.ActiveCfg = Debug|Any CPU
		{DA12E21A-713A-40A2-927A-410B0734C040}.Debug|Any CPU.Build.0 = Debug|Any CPU
		{DA12E21A-713A-40A2-927A-410B0734C040}.Debug|x64.ActiveCfg = Debug|Any CPU
		{DA12E21A-713A-40A2-927A-410B0734C040}.Debug|x64.Build.0 = Debug|Any CPU
		{DA12E21A-713A-40A2-927A-410B0734C040}.Debug|x86.ActiveCfg = Debug|Any CPU
		{DA12E21A-713A-40A2-927A-410B0734C040}.Debug|x86.Build.0 = Debug|Any CPU
		{DA12E21A-713A-40A2-927A-410B0734C040}.Release|Any CPU.ActiveCfg = Release|Any CPU
		{DA12E21A-713A-40A2-927A-410B0734C040}.Release|Any CPU.Build.0 = Release|Any CPU
		{DA12E21A-713A-40A2-927A-410B0734C040}.Release|x64.ActiveCfg = Release|Any CPU
		{DA12E21A-713A-40A2-927A-410B0734C040}.Release|x64.Build.0 = Release|Any CPU
		{DA12E21A-713A-40A2-927A-410B0734C040}.Release|x86.ActiveCfg = Release|Any CPU
		{DA12E21A-713A-40A2-927A-410B0734C040}.Release|x86.Build.0 = Release|Any CPU
		{DD2F149F-718F-4DFE-8745-EF7E63E2D71A}.Debug|Any CPU.ActiveCfg = Debug|Any CPU
		{DD2F149F-718F-4DFE-8745-EF7E63E2D71A}.Debug|Any CPU.Build.0 = Debug|Any CPU
		{DD2F149F-718F-4DFE-8745-EF7E63E2D71A}.Debug|x64.ActiveCfg = Debug|Any CPU
		{DD2F149F-718F-4DFE-8745-EF7E63E2D71A}.Debug|x64.Build.0 = Debug|Any CPU
		{DD2F149F-718F-4DFE-8745-EF7E63E2D71A}.Debug|x86.ActiveCfg = Debug|Any CPU
		{DD2F149F-718F-4DFE-8745-EF7E63E2D71A}.Debug|x86.Build.0 = Debug|Any CPU
		{DD2F149F-718F-4DFE-8745-EF7E63E2D71A}.Release|Any CPU.ActiveCfg = Release|Any CPU
		{DD2F149F-718F-4DFE-8745-EF7E63E2D71A}.Release|Any CPU.Build.0 = Release|Any CPU
		{DD2F149F-718F-4DFE-8745-EF7E63E2D71A}.Release|x64.ActiveCfg = Release|Any CPU
		{DD2F149F-718F-4DFE-8745-EF7E63E2D71A}.Release|x64.Build.0 = Release|Any CPU
		{DD2F149F-718F-4DFE-8745-EF7E63E2D71A}.Release|x86.ActiveCfg = Release|Any CPU
		{DD2F149F-718F-4DFE-8745-EF7E63E2D71A}.Release|x86.Build.0 = Release|Any CPU
		{DE91AFA2-4F84-45A7-AE63-38AB91CC3678}.Debug|Any CPU.ActiveCfg = Debug|Any CPU
		{DE91AFA2-4F84-45A7-AE63-38AB91CC3678}.Debug|Any CPU.Build.0 = Debug|Any CPU
		{DE91AFA2-4F84-45A7-AE63-38AB91CC3678}.Debug|x64.ActiveCfg = Debug|Any CPU
		{DE91AFA2-4F84-45A7-AE63-38AB91CC3678}.Debug|x64.Build.0 = Debug|Any CPU
		{DE91AFA2-4F84-45A7-AE63-38AB91CC3678}.Debug|x86.ActiveCfg = Debug|Any CPU
		{DE91AFA2-4F84-45A7-AE63-38AB91CC3678}.Debug|x86.Build.0 = Debug|Any CPU
		{DE91AFA2-4F84-45A7-AE63-38AB91CC3678}.Release|Any CPU.ActiveCfg = Release|Any CPU
		{DE91AFA2-4F84-45A7-AE63-38AB91CC3678}.Release|Any CPU.Build.0 = Release|Any CPU
		{DE91AFA2-4F84-45A7-AE63-38AB91CC3678}.Release|x64.ActiveCfg = Release|Any CPU
		{DE91AFA2-4F84-45A7-AE63-38AB91CC3678}.Release|x64.Build.0 = Release|Any CPU
		{DE91AFA2-4F84-45A7-AE63-38AB91CC3678}.Release|x86.ActiveCfg = Release|Any CPU
		{DE91AFA2-4F84-45A7-AE63-38AB91CC3678}.Release|x86.Build.0 = Release|Any CPU
		{5275FA08-2F53-4989-97F3-817DFAE96348}.Debug|Any CPU.ActiveCfg = Debug|Any CPU
		{5275FA08-2F53-4989-97F3-817DFAE96348}.Debug|Any CPU.Build.0 = Debug|Any CPU
		{5275FA08-2F53-4989-97F3-817DFAE96348}.Debug|x64.ActiveCfg = Debug|Any CPU
		{5275FA08-2F53-4989-97F3-817DFAE96348}.Debug|x64.Build.0 = Debug|Any CPU
		{5275FA08-2F53-4989-97F3-817DFAE96348}.Debug|x86.ActiveCfg = Debug|Any CPU
		{5275FA08-2F53-4989-97F3-817DFAE96348}.Debug|x86.Build.0 = Debug|Any CPU
		{5275FA08-2F53-4989-97F3-817DFAE96348}.Release|Any CPU.ActiveCfg = Release|Any CPU
		{5275FA08-2F53-4989-97F3-817DFAE96348}.Release|Any CPU.Build.0 = Release|Any CPU
		{5275FA08-2F53-4989-97F3-817DFAE96348}.Release|x64.ActiveCfg = Release|Any CPU
		{5275FA08-2F53-4989-97F3-817DFAE96348}.Release|x64.Build.0 = Release|Any CPU
		{5275FA08-2F53-4989-97F3-817DFAE96348}.Release|x86.ActiveCfg = Release|Any CPU
		{5275FA08-2F53-4989-97F3-817DFAE96348}.Release|x86.Build.0 = Release|Any CPU
		{66B78A4F-C4C5-4963-9403-AF9CBE60C496}.Debug|Any CPU.ActiveCfg = Debug|Any CPU
		{66B78A4F-C4C5-4963-9403-AF9CBE60C496}.Debug|Any CPU.Build.0 = Debug|Any CPU
		{66B78A4F-C4C5-4963-9403-AF9CBE60C496}.Debug|x64.ActiveCfg = Debug|Any CPU
		{66B78A4F-C4C5-4963-9403-AF9CBE60C496}.Debug|x64.Build.0 = Debug|Any CPU
		{66B78A4F-C4C5-4963-9403-AF9CBE60C496}.Debug|x86.ActiveCfg = Debug|Any CPU
		{66B78A4F-C4C5-4963-9403-AF9CBE60C496}.Debug|x86.Build.0 = Debug|Any CPU
		{66B78A4F-C4C5-4963-9403-AF9CBE60C496}.Release|Any CPU.ActiveCfg = Release|Any CPU
		{66B78A4F-C4C5-4963-9403-AF9CBE60C496}.Release|Any CPU.Build.0 = Release|Any CPU
		{66B78A4F-C4C5-4963-9403-AF9CBE60C496}.Release|x64.ActiveCfg = Release|Any CPU
		{66B78A4F-C4C5-4963-9403-AF9CBE60C496}.Release|x64.Build.0 = Release|Any CPU
		{66B78A4F-C4C5-4963-9403-AF9CBE60C496}.Release|x86.ActiveCfg = Release|Any CPU
		{66B78A4F-C4C5-4963-9403-AF9CBE60C496}.Release|x86.Build.0 = Release|Any CPU
		{B688AF0F-B7ED-45B2-AAC7-9DAFD6043AD3}.Debug|Any CPU.ActiveCfg = Debug|Any CPU
		{B688AF0F-B7ED-45B2-AAC7-9DAFD6043AD3}.Debug|Any CPU.Build.0 = Debug|Any CPU
		{B688AF0F-B7ED-45B2-AAC7-9DAFD6043AD3}.Debug|x64.ActiveCfg = Debug|Any CPU
		{B688AF0F-B7ED-45B2-AAC7-9DAFD6043AD3}.Debug|x64.Build.0 = Debug|Any CPU
		{B688AF0F-B7ED-45B2-AAC7-9DAFD6043AD3}.Debug|x86.ActiveCfg = Debug|Any CPU
		{B688AF0F-B7ED-45B2-AAC7-9DAFD6043AD3}.Debug|x86.Build.0 = Debug|Any CPU
		{B688AF0F-B7ED-45B2-AAC7-9DAFD6043AD3}.Release|Any CPU.ActiveCfg = Release|Any CPU
		{B688AF0F-B7ED-45B2-AAC7-9DAFD6043AD3}.Release|Any CPU.Build.0 = Release|Any CPU
		{B688AF0F-B7ED-45B2-AAC7-9DAFD6043AD3}.Release|x64.ActiveCfg = Release|Any CPU
		{B688AF0F-B7ED-45B2-AAC7-9DAFD6043AD3}.Release|x64.Build.0 = Release|Any CPU
		{B688AF0F-B7ED-45B2-AAC7-9DAFD6043AD3}.Release|x86.ActiveCfg = Release|Any CPU
		{B688AF0F-B7ED-45B2-AAC7-9DAFD6043AD3}.Release|x86.Build.0 = Release|Any CPU
		{4E88E87B-E4AD-408F-AF0B-73BE1574A476}.Debug|Any CPU.ActiveCfg = Debug|Any CPU
		{4E88E87B-E4AD-408F-AF0B-73BE1574A476}.Debug|Any CPU.Build.0 = Debug|Any CPU
		{4E88E87B-E4AD-408F-AF0B-73BE1574A476}.Debug|x64.ActiveCfg = Debug|Any CPU
		{4E88E87B-E4AD-408F-AF0B-73BE1574A476}.Debug|x64.Build.0 = Debug|Any CPU
		{4E88E87B-E4AD-408F-AF0B-73BE1574A476}.Debug|x86.ActiveCfg = Debug|Any CPU
		{4E88E87B-E4AD-408F-AF0B-73BE1574A476}.Debug|x86.Build.0 = Debug|Any CPU
		{4E88E87B-E4AD-408F-AF0B-73BE1574A476}.Release|Any CPU.ActiveCfg = Release|Any CPU
		{4E88E87B-E4AD-408F-AF0B-73BE1574A476}.Release|Any CPU.Build.0 = Release|Any CPU
		{4E88E87B-E4AD-408F-AF0B-73BE1574A476}.Release|x64.ActiveCfg = Release|Any CPU
		{4E88E87B-E4AD-408F-AF0B-73BE1574A476}.Release|x64.Build.0 = Release|Any CPU
		{4E88E87B-E4AD-408F-AF0B-73BE1574A476}.Release|x86.ActiveCfg = Release|Any CPU
		{4E88E87B-E4AD-408F-AF0B-73BE1574A476}.Release|x86.Build.0 = Release|Any CPU
		{664D7041-0682-45E2-A1D1-D36481DD4A91}.Debug|Any CPU.ActiveCfg = Debug|Any CPU
		{664D7041-0682-45E2-A1D1-D36481DD4A91}.Debug|Any CPU.Build.0 = Debug|Any CPU
		{664D7041-0682-45E2-A1D1-D36481DD4A91}.Debug|x64.ActiveCfg = Debug|Any CPU
		{664D7041-0682-45E2-A1D1-D36481DD4A91}.Debug|x64.Build.0 = Debug|Any CPU
		{664D7041-0682-45E2-A1D1-D36481DD4A91}.Debug|x86.ActiveCfg = Debug|Any CPU
		{664D7041-0682-45E2-A1D1-D36481DD4A91}.Debug|x86.Build.0 = Debug|Any CPU
		{664D7041-0682-45E2-A1D1-D36481DD4A91}.Release|Any CPU.ActiveCfg = Release|Any CPU
		{664D7041-0682-45E2-A1D1-D36481DD4A91}.Release|Any CPU.Build.0 = Release|Any CPU
		{664D7041-0682-45E2-A1D1-D36481DD4A91}.Release|x64.ActiveCfg = Release|Any CPU
		{664D7041-0682-45E2-A1D1-D36481DD4A91}.Release|x64.Build.0 = Release|Any CPU
		{664D7041-0682-45E2-A1D1-D36481DD4A91}.Release|x86.ActiveCfg = Release|Any CPU
		{664D7041-0682-45E2-A1D1-D36481DD4A91}.Release|x86.Build.0 = Release|Any CPU
		{6ACBF340-1CEC-4755-A207-24694554095B}.Debug|Any CPU.ActiveCfg = Debug|Any CPU
		{6ACBF340-1CEC-4755-A207-24694554095B}.Debug|Any CPU.Build.0 = Debug|Any CPU
		{6ACBF340-1CEC-4755-A207-24694554095B}.Debug|x64.ActiveCfg = Debug|Any CPU
		{6ACBF340-1CEC-4755-A207-24694554095B}.Debug|x64.Build.0 = Debug|Any CPU
		{6ACBF340-1CEC-4755-A207-24694554095B}.Debug|x86.ActiveCfg = Debug|Any CPU
		{6ACBF340-1CEC-4755-A207-24694554095B}.Debug|x86.Build.0 = Debug|Any CPU
		{6ACBF340-1CEC-4755-A207-24694554095B}.Release|Any CPU.ActiveCfg = Release|Any CPU
		{6ACBF340-1CEC-4755-A207-24694554095B}.Release|Any CPU.Build.0 = Release|Any CPU
		{6ACBF340-1CEC-4755-A207-24694554095B}.Release|x64.ActiveCfg = Release|Any CPU
		{6ACBF340-1CEC-4755-A207-24694554095B}.Release|x64.Build.0 = Release|Any CPU
		{6ACBF340-1CEC-4755-A207-24694554095B}.Release|x86.ActiveCfg = Release|Any CPU
		{6ACBF340-1CEC-4755-A207-24694554095B}.Release|x86.Build.0 = Release|Any CPU
		{7C55386F-76AF-4A2C-8813-150CCDE11153}.Debug|Any CPU.ActiveCfg = Debug|Any CPU
		{7C55386F-76AF-4A2C-8813-150CCDE11153}.Debug|Any CPU.Build.0 = Debug|Any CPU
		{7C55386F-76AF-4A2C-8813-150CCDE11153}.Debug|x64.ActiveCfg = Debug|Any CPU
		{7C55386F-76AF-4A2C-8813-150CCDE11153}.Debug|x64.Build.0 = Debug|Any CPU
		{7C55386F-76AF-4A2C-8813-150CCDE11153}.Debug|x86.ActiveCfg = Debug|Any CPU
		{7C55386F-76AF-4A2C-8813-150CCDE11153}.Debug|x86.Build.0 = Debug|Any CPU
		{7C55386F-76AF-4A2C-8813-150CCDE11153}.Release|Any CPU.ActiveCfg = Release|Any CPU
		{7C55386F-76AF-4A2C-8813-150CCDE11153}.Release|Any CPU.Build.0 = Release|Any CPU
		{7C55386F-76AF-4A2C-8813-150CCDE11153}.Release|x64.ActiveCfg = Release|Any CPU
		{7C55386F-76AF-4A2C-8813-150CCDE11153}.Release|x64.Build.0 = Release|Any CPU
		{7C55386F-76AF-4A2C-8813-150CCDE11153}.Release|x86.ActiveCfg = Release|Any CPU
		{7C55386F-76AF-4A2C-8813-150CCDE11153}.Release|x86.Build.0 = Release|Any CPU
		{40DA8637-64B4-4296-A0CE-8FD0A3BBF7F2}.Debug|Any CPU.ActiveCfg = Debug|Any CPU
		{40DA8637-64B4-4296-A0CE-8FD0A3BBF7F2}.Debug|Any CPU.Build.0 = Debug|Any CPU
		{40DA8637-64B4-4296-A0CE-8FD0A3BBF7F2}.Debug|x64.ActiveCfg = Debug|Any CPU
		{40DA8637-64B4-4296-A0CE-8FD0A3BBF7F2}.Debug|x64.Build.0 = Debug|Any CPU
		{40DA8637-64B4-4296-A0CE-8FD0A3BBF7F2}.Debug|x86.ActiveCfg = Debug|Any CPU
		{40DA8637-64B4-4296-A0CE-8FD0A3BBF7F2}.Debug|x86.Build.0 = Debug|Any CPU
		{40DA8637-64B4-4296-A0CE-8FD0A3BBF7F2}.Release|Any CPU.ActiveCfg = Release|Any CPU
		{40DA8637-64B4-4296-A0CE-8FD0A3BBF7F2}.Release|Any CPU.Build.0 = Release|Any CPU
		{40DA8637-64B4-4296-A0CE-8FD0A3BBF7F2}.Release|x64.ActiveCfg = Release|Any CPU
		{40DA8637-64B4-4296-A0CE-8FD0A3BBF7F2}.Release|x64.Build.0 = Release|Any CPU
		{40DA8637-64B4-4296-A0CE-8FD0A3BBF7F2}.Release|x86.ActiveCfg = Release|Any CPU
		{40DA8637-64B4-4296-A0CE-8FD0A3BBF7F2}.Release|x86.Build.0 = Release|Any CPU
	EndGlobalSection
	GlobalSection(SolutionProperties) = preSolution
		HideSolutionNode = FALSE
	EndGlobalSection
EndGlobal
